
Microsoft Visual Studio Solution File, Format Version 12.00
# Visual Studio Version 17
VisualStudioVersion = 17.4.33205.214
MinimumVisualStudioVersion = 10.0.40219.1
Project("{2150E333-8FDC-42A3-9474-1A3956D46DE8}") = "Web", "Web", "{8DDC940E-AC14-4285-AD54-99540D6F7FAF}"
EndProject
Project("{2150E333-8FDC-42A3-9474-1A3956D46DE8}") = "Data", "Data", "{F34AFA57-AB67-4036-AA73-D8CE43ECF203}"
EndProject
Project("{2150E333-8FDC-42A3-9474-1A3956D46DE8}") = "Services", "Services", "{EEECD8FD-C37E-406B-9F65-AF490D18172E}"
EndProject
Project("{9A19103F-16F7-4668-BE54-9A1E7A4F7556}") = "HoneyPlatform.Data", "HoneyPlatform.Data\HoneyPlatform.Data.csproj", "{E654E7B8-519E-4E7A-951E-1F4DBA7FFFB6}"
EndProject
Project("{2150E333-8FDC-42A3-9474-1A3956D46DE8}") = "Common", "Common", "{4C06EF02-4FA6-4177-96A3-EE88B987A7A6}"
EndProject
Project("{9A19103F-16F7-4668-BE54-9A1E7A4F7556}") = "HoneyPlatform.Web", "HoneyPlatform.Web\HoneyPlatform.Web.csproj", "{F43E6DD4-8345-4D12-87E8-5F2E5008FB4E}"
EndProject
Project("{9A19103F-16F7-4668-BE54-9A1E7A4F7556}") = "HoneyPlatform.Web.Infrastructure", "HoneyPlatform.Web.Infrastructure\HoneyPlatform.Web.Infrastructure.csproj", "{72CC0D5A-1707-4E30-AFE0-F0FF51190721}"
EndProject
Project("{9A19103F-16F7-4668-BE54-9A1E7A4F7556}") = "HoneyPlatform.Services.Mapping", "HoneyPlatform.Services.Mapping\HoneyPlatform.Services.Mapping.csproj", "{FC15640E-16F4-4C09-9153-9FE85AFA6318}"
EndProject
Project("{9A19103F-16F7-4668-BE54-9A1E7A4F7556}") = "HoneyPlatform.Data.Models", "HoneyPlatform.Data.Models\HoneyPlatform.Data.Models.csproj", "{F42620DB-67F8-436A-8FBF-4B890BB99BD3}"
EndProject
Project("{9A19103F-16F7-4668-BE54-9A1E7A4F7556}") = "HoneyPlatform.Common", "HoneyPlatform.Common\HoneyPlatform.Common.csproj", "{4A946A6A-DB95-45D9-A913-082F6F07501D}"
EndProject
Global
	GlobalSection(SolutionConfigurationPlatforms) = preSolution
		Debug|Any CPU = Debug|Any CPU
		Release|Any CPU = Release|Any CPU
	EndGlobalSection
	GlobalSection(ProjectConfigurationPlatforms) = postSolution
		{E654E7B8-519E-4E7A-951E-1F4DBA7FFFB6}.Debug|Any CPU.ActiveCfg = Debug|Any CPU
		{E654E7B8-519E-4E7A-951E-1F4DBA7FFFB6}.Debug|Any CPU.Build.0 = Debug|Any CPU
		{E654E7B8-519E-4E7A-951E-1F4DBA7FFFB6}.Release|Any CPU.ActiveCfg = Release|Any CPU
		{E654E7B8-519E-4E7A-951E-1F4DBA7FFFB6}.Release|Any CPU.Build.0 = Release|Any CPU
		{F43E6DD4-8345-4D12-87E8-5F2E5008FB4E}.Debug|Any CPU.ActiveCfg = Debug|Any CPU
		{F43E6DD4-8345-4D12-87E8-5F2E5008FB4E}.Debug|Any CPU.Build.0 = Debug|Any CPU
		{F43E6DD4-8345-4D12-87E8-5F2E5008FB4E}.Release|Any CPU.ActiveCfg = Release|Any CPU
		{F43E6DD4-8345-4D12-87E8-5F2E5008FB4E}.Release|Any CPU.Build.0 = Release|Any CPU
		{72CC0D5A-1707-4E30-AFE0-F0FF51190721}.Debug|Any CPU.ActiveCfg = Debug|Any CPU
		{72CC0D5A-1707-4E30-AFE0-F0FF51190721}.Debug|Any CPU.Build.0 = Debug|Any CPU
		{72CC0D5A-1707-4E30-AFE0-F0FF51190721}.Release|Any CPU.ActiveCfg = Release|Any CPU
		{72CC0D5A-1707-4E30-AFE0-F0FF51190721}.Release|Any CPU.Build.0 = Release|Any CPU
		{FC15640E-16F4-4C09-9153-9FE85AFA6318}.Debug|Any CPU.ActiveCfg = Debug|Any CPU
		{FC15640E-16F4-4C09-9153-9FE85AFA6318}.Debug|Any CPU.Build.0 = Debug|Any CPU
		{FC15640E-16F4-4C09-9153-9FE85AFA6318}.Release|Any CPU.ActiveCfg = Release|Any CPU
		{FC15640E-16F4-4C09-9153-9FE85AFA6318}.Release|Any CPU.Build.0 = Release|Any CPU
		{F42620DB-67F8-436A-8FBF-4B890BB99BD3}.Debug|Any CPU.ActiveCfg = Debug|Any CPU
		{F42620DB-67F8-436A-8FBF-4B890BB99BD3}.Debug|Any CPU.Build.0 = Debug|Any CPU
		{F42620DB-67F8-436A-8FBF-4B890BB99BD3}.Release|Any CPU.ActiveCfg = Release|Any CPU
		{F42620DB-67F8-436A-8FBF-4B890BB99BD3}.Release|Any CPU.Build.0 = Release|Any CPU
		{4A946A6A-DB95-45D9-A913-082F6F07501D}.Debug|Any CPU.ActiveCfg = Debug|Any CPU
		{4A946A6A-DB95-45D9-A913-082F6F07501D}.Debug|Any CPU.Build.0 = Debug|Any CPU
		{4A946A6A-DB95-45D9-A913-082F6F07501D}.Release|Any CPU.ActiveCfg = Release|Any CPU
		{4A946A6A-DB95-45D9-A913-082F6F07501D}.Release|Any CPU.Build.0 = Release|Any CPU
	EndGlobalSection
	GlobalSection(SolutionProperties) = preSolution
		HideSolutionNode = FALSE
	EndGlobalSection
	GlobalSection(NestedProjects) = preSolution
		{E654E7B8-519E-4E7A-951E-1F4DBA7FFFB6} = {F34AFA57-AB67-4036-AA73-D8CE43ECF203}
		{F43E6DD4-8345-4D12-87E8-5F2E5008FB4E} = {8DDC940E-AC14-4285-AD54-99540D6F7FAF}
		{72CC0D5A-1707-4E30-AFE0-F0FF51190721} = {8DDC940E-AC14-4285-AD54-99540D6F7FAF}
		{FC15640E-16F4-4C09-9153-9FE85AFA6318} = {EEECD8FD-C37E-406B-9F65-AF490D18172E}
		{F42620DB-67F8-436A-8FBF-4B890BB99BD3} = {F34AFA57-AB67-4036-AA73-D8CE43ECF203}
		{4A946A6A-DB95-45D9-A913-082F6F07501D} = {4C06EF02-4FA6-4177-96A3-EE88B987A7A6}
	EndGlobalSection
	GlobalSection(ExtensibilityGlobals) = postSolution
		SolutionGuid = {A8BB3791-7FE4-42BE-9DF4-85E4CBC9C2FA}
	EndGlobalSection
EndGlobal
